{
  "name": "05-proyecto",
  "version": "1.0.0",
  "lockfileVersion": 1,
  "requires": true,
  "dependencies": {
    "reno-lib-1": {
      "version": "1.0.0",
      "resolved": "https://registry.npmjs.org/reno-lib-1/-/reno-lib-1-1.0.0.tgz",
      "integrity": "sha512-SAxRLClfIsRWb/u+8YUX0ZMQZxtTNkFPfhKqG6Fte+XJOPQ6vWk0cdmw0N2PPxjq4OlWH7bA62Xd4c/a+X8GOg=="
    }
  }
}
