{
  "name": "05-proyecto",
  "version": "1.0.0",
  "lockfileVersion": 1,
  "requires": true,
  "dependencies": {
    "reno-lib-1": {
      "version": "2.1.0",
      "resolved": "https://registry.npmjs.org/reno-lib-1/-/reno-lib-1-2.1.0.tgz",
      "integrity": "sha512-h1IzEl29hp5v1nLOUrmx9g1Eq+NwL+ZSG77nfxASoL0Tjzw4U4sroKptgGpzTCdQBhCdCARBleu1Zj7575fbjg=="
    }
  }
}
