{
  "name": "05-proyecto",
  "version": "1.0.0",
  "lockfileVersion": 1,
  "requires": true,
  "dependencies": {
    "reno-lib-1": {
      "version": "2.2.0",
      "resolved": "https://registry.npmjs.org/reno-lib-1/-/reno-lib-1-2.2.0.tgz",
      "integrity": "sha512-pqkWsN8hu0wkKpIPitAEjDF+LjdIj7pFQiSr9mRwHNBEzfDBqlhEK5hj9q2qMF40Zyg+f6aYpS/sKORSTSAn+w=="
    }
  }
}
